NeoBundleLock Command-T ce9daf8d792c945d32d0bf8878149eaa8aee2b81
NeoBundleLock errormarker.vim eab7ae1d8961d3512703aa9eadefbde5f062a970
NeoBundleLock html5.vim 6a5cc0511776b69994b5e3bb2cacccbb81fa8464
NeoBundleLock neobundle.vim 88951d60547595606ea0ca8f28f643d2506f2714
NeoBundleLock neocomplcache 778181767467b8f8016828898779a646074d883a
NeoBundleLock neosnippet 13c51ee885216619ab2dcd1a2c3790b83f85f27c
NeoBundleLock nerdtree 281701021c5001332a862da80175bf585d24e2e8
NeoBundleLock play2vim 867b3591bf893c3bf0aba29c1a627b44c7c5339c
NeoBundleLock tagbar 68eebbb50ce591bce3f5b4a8238d824e6a9f0b3a
NeoBundleLock unite.vim be09b0e5784c4c4c13aefae4f16313696c6f51de
NeoBundleLock vim-colors-solarized 528a59f26d12278698bb946f8fb82a63711eec21
NeoBundleLock vim-indent-guides 018298ead9d3aa9cd3b4ae222f81022a33978b09
NeoBundleLock vim-scala a6a350f7c632d0e640b57f9dcc7e123409a7bcd7
NeoBundleLock vim-tags e75dea76e488d9208ed73c53c46a4abee2695115
NeoBundleLock vimshell d0c5bef010237855b4de25863bc54895effe5d7a
