NeoBundleLock Command-T 5a19460ea0eab0ca617a8dbf405f7a506eca4ff6
NeoBundleLock errormarker.vim eab7ae1d8961d3512703aa9eadefbde5f062a970
NeoBundleLock html5.vim fcbe2d3eaf3ac1438da122e65badbf410d7990ef
NeoBundleLock neobundle.vim c6fa48cd665071b7a4dbf5ab53f48cd5884716ee
NeoBundleLock neocomplcache 778181767467b8f8016828898779a646074d883a
NeoBundleLock neosnippet c91ac0b67f0f21548aaed093cbd5186b0e106907
NeoBundleLock nerdtree 45f4d61f04e7ef33360f7735931da9ea2ebc05e0
NeoBundleLock play2vim 867b3591bf893c3bf0aba29c1a627b44c7c5339c
NeoBundleLock tagbar 959f48798136bfd4ce60075d3c86c580fcf5e5c5
NeoBundleLock unite.vim 97e634117ff05d3c867d625940da5c7947cebf63
NeoBundleLock vim-colors-solarized 528a59f26d12278698bb946f8fb82a63711eec21
NeoBundleLock vim-indent-guides 018298ead9d3aa9cd3b4ae222f81022a33978b09
NeoBundleLock vim-scala a6a350f7c632d0e640b57f9dcc7e123409a7bcd7
NeoBundleLock vim-tags e75dea76e488d9208ed73c53c46a4abee2695115
NeoBundleLock vimshell d0c5bef010237855b4de25863bc54895effe5d7a
